
Microsoft Visual Studio Solution File, Format Version 12.00
# Visual Studio Version 17
VisualStudioVersion = 17.0.32112.339
MinimumVisualStudioVersion = 10.0.40219.1
Project("{8BC9CEB8-8B4A-11D0-8D11-00A0C91BC942}") = "CurveLibrary", "CurveLibrary\CurveLibrary.vcxproj", "{236EACCA-1834-4C09-886F-A3B92C66E544}"
EndProject
Project("{8BC9CEB8-8B4A-11D0-8D11-00A0C91BC942}") = "CADExTest", "CADExTest\CADExTest.vcxproj", "{C34C6B49-7818-479D-8DF2-A4449CC3500E}"
EndProject
Global
	GlobalSection(SolutionConfigurationPlatforms) = preSolution
		Debug|x64 = Debug|x64
		Debug|x86 = Debug|x86
		Release|x64 = Release|x64
		Release|x86 = Release|x86
	EndGlobalSection
	GlobalSection(ProjectConfigurationPlatforms) = postSolution
		{236EACCA-1834-4C09-886F-A3B92C66E544}.Debug|x64.ActiveCfg = Debug|x64
		{236EACCA-1834-4C09-886F-A3B92C66E544}.Debug|x64.Build.0 = Debug|x64
		{236EACCA-1834-4C09-886F-A3B92C66E544}.Debug|x86.ActiveCfg = Debug|Win32
		{236EACCA-1834-4C09-886F-A3B92C66E544}.Debug|x86.Build.0 = Debug|Win32
		{236EACCA-1834-4C09-886F-A3B92C66E544}.Release|x64.ActiveCfg = Release|x64
		{236EACCA-1834-4C09-886F-A3B92C66E544}.Release|x64.Build.0 = Release|x64
		{236EACCA-1834-4C09-886F-A3B92C66E544}.Release|x86.ActiveCfg = Release|Win32
		{236EACCA-1834-4C09-886F-A3B92C66E544}.Release|x86.Build.0 = Release|Win32
		{C34C6B49-7818-479D-8DF2-A4449CC3500E}.Debug|x64.ActiveCfg = Debug|x64
		{C34C6B49-7818-479D-8DF2-A4449CC3500E}.Debug|x64.Build.0 = Debug|x64
		{C34C6B49-7818-479D-8DF2-A4449CC3500E}.Debug|x86.ActiveCfg = Debug|Win32
		{C34C6B49-7818-479D-8DF2-A4449CC3500E}.Debug|x86.Build.0 = Debug|Win32
		{C34C6B49-7818-479D-8DF2-A4449CC3500E}.Release|x64.ActiveCfg = Release|x64
		{C34C6B49-7818-479D-8DF2-A4449CC3500E}.Release|x64.Build.0 = Release|x64
		{C34C6B49-7818-479D-8DF2-A4449CC3500E}.Release|x86.ActiveCfg = Release|Win32
		{C34C6B49-7818-479D-8DF2-A4449CC3500E}.Release|x86.Build.0 = Release|Win32
	EndGlobalSection
	GlobalSection(SolutionProperties) = preSolution
		HideSolutionNode = FALSE
	EndGlobalSection
	GlobalSection(ExtensibilityGlobals) = postSolution
		SolutionGuid = {51D12535-4004-4D1C-9943-E3288DCB7B12}
	EndGlobalSection
EndGlobal
